
Microsoft Visual Studio Solution File, Format Version 12.00
# Visual Studio 15
VisualStudioVersion = 15.0.27004.2005
MinimumVisualStudioVersion = 10.0.40219.1
Project("{9A19103F-16F7-4668-BE54-9A1E7A4F7556}") = "getVehicleLocationAPI", "getVehicleLocationAPI.csproj", "{FA7DBC5C-0FA2-4462-911C-C5F9E0093FDD}"
EndProject
Global
	GlobalSection(SolutionConfigurationPlatforms) = preSolution
		Debug|Any CPU = Debug|Any CPU
		Release|Any CPU = Release|Any CPU
	EndGlobalSection
	GlobalSection(ProjectConfigurationPlatforms) = postSolution
		{FA7DBC5C-0FA2-4462-911C-C5F9E0093FDD}.Debug|Any CPU.ActiveCfg = Debug|Any CPU
		{FA7DBC5C-0FA2-4462-911C-C5F9E0093FDD}.Debug|Any CPU.Build.0 = Debug|Any CPU
		{FA7DBC5C-0FA2-4462-911C-C5F9E0093FDD}.Release|Any CPU.ActiveCfg = Release|Any CPU
		{FA7DBC5C-0FA2-4462-911C-C5F9E0093FDD}.Release|Any CPU.Build.0 = Release|Any CPU
	EndGlobalSection
	GlobalSection(SolutionProperties) = preSolution
		HideSolutionNode = FALSE
	EndGlobalSection
	GlobalSection(ExtensibilityGlobals) = postSolution
		SolutionGuid = {860B0CBD-943D-434D-8306-F2CC48B46BA5}
	EndGlobalSection
EndGlobal
